// !$*UTF8*$!
{
	archiveVersion = 1;
	classes = {
	};
	objectVersion = 55;
	objects = {

/* Begin PBXBuildFile section */
		B337546D2C5D812500BF227A /* AppDelegate.swift in Sources */ = {isa = PBXBuildFile; fileRef = B337546C2C5D812500BF227A /* AppDelegate.swift */; };
		B337546F2C5D812500BF227A /* SceneDelegate.swift in Sources */ = {isa = PBXBuildFile; fileRef = B337546E2C5D812500BF227A /* SceneDelegate.swift */; };
		B33754712C5D812500BF227A /* ViewController.swift in Sources */ = {isa = PBXBuildFile; fileRef = B33754702C5D812500BF227A /* ViewController.swift */; };
		B33754742C5D812500BF227A /* Main.storyboard in Resources */ = {isa = PBXBuildFile; fileRef = B33754722C5D812500BF227A /* Main.storyboard */; };
		B33754762C5D812700BF227A /* Assets.xcassets in Resources */ = {isa = PBXBuildFile; fileRef = B33754752C5D812700BF227A /* Assets.xcassets */; };
		B33754792C5D812700BF227A /* LaunchScreen.storyboard in Resources */ = {isa = PBXBuildFile; fileRef = B33754772C5D812700BF227A /* LaunchScreen.storyboard */; };
		B33754872C5D81AC00BF227A /* UniformTypeIdentifiers.framework in Frameworks */ = {isa = PBXBuildFile; fileRef = B33754862C5D81AC00BF227A /* UniformTypeIdentifiers.framework */; };
		B337548A2C5D81AC00BF227A /* Media.xcassets in Resources */ = {isa = PBXBuildFile; fileRef = B33754892C5D81AC00BF227A /* Media.xcassets */; };
		B337548C2C5D81AC00BF227A /* ActionViewController.swift in Sources */ = {isa = PBXBuildFile; fileRef = B337548B2C5D81AC00BF227A /* ActionViewController.swift */; };
		B337548F2C5D81AC00BF227A /* MainInterface.storyboard in Resources */ = {isa = PBXBuildFile; fileRef = B337548D2C5D81AC00BF227A /* MainInterface.storyboard */; };
		B33754932C5D81AC00BF227A /* Extension.appex in Embed App Extensions */ = {isa = PBXBuildFile; fileRef = B33754842C5D81AC00BF227A /* Extension.appex */; settings = {ATTRIBUTES = (RemoveHeadersOnCopy, ); }; };
		B337549B2C5D82C700BF227A /* Action.js in Resources */ = {isa = PBXBuildFile; fileRef = B337549A2C5D82C700BF227A /* Action.js */; };
/* End PBXBuildFile section */

/* Begin PBXContainerItemProxy section */
		B33754912C5D81AC00BF227A /* PBXContainerItemProxy */ = {
			isa = PBXContainerItemProxy;
			containerPortal = B33754612C5D812500BF227A /* Project object */;
			proxyType = 1;
			remoteGlobalIDString = B33754832C5D81AC00BF227A;
			remoteInfo = Extension;
		};
/* End PBXContainerItemProxy section */

/* Begin PBXCopyFilesBuildPhase section */
		B33754972C5D81AC00BF227A /* Embed App Extensions */ = {
			isa = PBXCopyFilesBuildPhase;
			buildActionMask = 2147483647;
			dstPath = "";
			dstSubfolderSpec = 13;
			files = (
				B33754932C5D81AC00BF227A /* Extension.appex in Embed App Extensions */,
			);
			name = "Embed App Extensions";
			runOnlyForDeploymentPostprocessing = 0;
		};
/* End PBXCopyFilesBuildPhase section */

/* Begin PBXFileReference section */
		B33754692C5D812500BF227A /* project19-safari-ext.app */ = {isa = PBXFileReference; explicitFileType = wrapper.application; includeInIndex = 0; path = "project19-safari-ext.app"; sourceTree = BUILT_PRODUCTS_DIR; };
		B337546C2C5D812500BF227A /* AppDelegate.swift */ = {isa = PBXFileReference; lastKnownFileType = sourcecode.swift; path = AppDelegate.swift; sourceTree = "<group>"; };
		B337546E2C5D812500BF227A /* SceneDelegate.swift */ = {isa = PBXFileReference; lastKnownFileType = sourcecode.swift; path = SceneDelegate.swift; sourceTree = "<group>"; };
		B33754702C5D812500BF227A /* ViewController.swift */ = {isa = PBXFileReference; lastKnownFileType = sourcecode.swift; path = ViewController.swift; sourceTree = "<group>"; };
		B33754732C5D812500BF227A /* Base */ = {isa = PBXFileReference; lastKnownFileType = file.storyboard; name = Base; path = Base.lproj/Main.storyboard; sourceTree = "<group>"; };
		B33754752C5D812700BF227A /* Assets.xcassets */ = {isa = PBXFileReference; lastKnownFileType = folder.assetcatalog; path = Assets.xcassets; sourceTree = "<group>"; };
		B33754782C5D812700BF227A /* Base */ = {isa = PBXFileReference; lastKnownFileType = file.storyboard; name = Base; path = Base.lproj/LaunchScreen.storyboard; sourceTree = "<group>"; };
		B337547A2C5D812700BF227A /* Info.plist */ = {isa = PBXFileReference; lastKnownFileType = text.plist.xml; path = Info.plist; sourceTree = "<group>"; };
		B33754842C5D81AC00BF227A /* Extension.appex */ = {isa = PBXFileReference; explicitFileType = "wrapper.app-extension"; includeInIndex = 0; path = Extension.appex; sourceTree = BUILT_PRODUCTS_DIR; };
		B33754862C5D81AC00BF227A /* UniformTypeIdentifiers.framework */ = {isa = PBXFileReference; lastKnownFileType = wrapper.framework; name = UniformTypeIdentifiers.framework; path = System/Library/Frameworks/UniformTypeIdentifiers.framework; sourceTree = SDKROOT; };
		B33754892C5D81AC00BF227A /* Media.xcassets */ = {isa = PBXFileReference; lastKnownFileType = folder.assetcatalog; path = Media.xcassets; sourceTree = "<group>"; };
		B337548B2C5D81AC00BF227A /* ActionViewController.swift */ = {isa = PBXFileReference; lastKnownFileType = sourcecode.swift; path = ActionViewController.swift; sourceTree = "<group>"; };
		B337548E2C5D81AC00BF227A /* Base */ = {isa = PBXFileReference; lastKnownFileType = file.storyboard; name = Base; path = Base.lproj/MainInterface.storyboard; sourceTree = "<group>"; };
		B33754902C5D81AC00BF227A /* Info.plist */ = {isa = PBXFileReference; lastKnownFileType = text.plist.xml; path = Info.plist; sourceTree = "<group>"; };
		B337549A2C5D82C700BF227A /* Action.js */ = {isa = PBXFileReference; lastKnownFileType = sourcecode.javascript; path = Action.js; sourceTree = "<group>"; };
/* End PBXFileReference section */

/* Begin PBXFrameworksBuildPhase section */
		B33754662C5D812500BF227A /* Frameworks */ = {
			isa = PBXFrameworksBuildPhase;
			buildActionMask = 2147483647;
			files = (
			);
			runOnlyForDeploymentPostprocessing = 0;
		};
		B33754812C5D81AC00BF227A /* Frameworks */ = {
			isa = PBXFrameworksBuildPhase;
			buildActionMask = 2147483647;
			files = (
				B33754872C5D81AC00BF227A /* UniformTypeIdentifiers.framework in Frameworks */,
			);
			runOnlyForDeploymentPostprocessing = 0;
		};
/* End PBXFrameworksBuildPhase section */

/* Begin PBXGroup section */
		B33754602C5D812500BF227A = {
			isa = PBXGroup;
			children = (
				B337546B2C5D812500BF227A /* project19-safari-ext */,
				B33754882C5D81AC00BF227A /* Extension */,
				B33754852C5D81AC00BF227A /* Frameworks */,
				B337546A2C5D812500BF227A /* Products */,
			);
			sourceTree = "<group>";
		};
		B337546A2C5D812500BF227A /* Products */ = {
			isa = PBXGroup;
			children = (
				B33754692C5D812500BF227A /* project19-safari-ext.app */,
				B33754842C5D81AC00BF227A /* Extension.appex */,
			);
			name = Products;
			sourceTree = "<group>";
		};
		B337546B2C5D812500BF227A /* project19-safari-ext */ = {
			isa = PBXGroup;
			children = (
				B337546C2C5D812500BF227A /* AppDelegate.swift */,
				B337546E2C5D812500BF227A /* SceneDelegate.swift */,
				B33754702C5D812500BF227A /* ViewController.swift */,
				B33754722C5D812500BF227A /* Main.storyboard */,
				B33754752C5D812700BF227A /* Assets.xcassets */,
				B33754772C5D812700BF227A /* LaunchScreen.storyboard */,
				B337547A2C5D812700BF227A /* Info.plist */,
			);
			path = "project19-safari-ext";
			sourceTree = "<group>";
		};
		B33754852C5D81AC00BF227A /* Frameworks */ = {
			isa = PBXGroup;
			children = (
				B33754862C5D81AC00BF227A /* UniformTypeIdentifiers.framework */,
			);
			name = Frameworks;
			sourceTree = "<group>";
		};
		B33754882C5D81AC00BF227A /* Extension */ = {
			isa = PBXGroup;
			children = (
				B33754892C5D81AC00BF227A /* Media.xcassets */,
				B337548B2C5D81AC00BF227A /* ActionViewController.swift */,
				B337548D2C5D81AC00BF227A /* MainInterface.storyboard */,
				B33754902C5D81AC00BF227A /* Info.plist */,
				B337549A2C5D82C700BF227A /* Action.js */,
			);
			path = Extension;
			sourceTree = "<group>";
		};
/* End PBXGroup section */

/* Begin PBXNativeTarget section */
		B33754682C5D812500BF227A /* project19-safari-ext */ = {
			isa = PBXNativeTarget;
			buildConfigurationList = B337547D2C5D812700BF227A /* Build configuration list for PBXNativeTarget "project19-safari-ext" */;
			buildPhases = (
				B33754652C5D812500BF227A /* Sources */,
				B33754662C5D812500BF227A /* Frameworks */,
				B33754672C5D812500BF227A /* Resources */,
				B33754972C5D81AC00BF227A /* Embed App Extensions */,
			);
			buildRules = (
			);
			dependencies = (
				B33754922C5D81AC00BF227A /* PBXTargetDependency */,
			);
			name = "project19-safari-ext";
			productName = "project19-safari-ext";
			productReference = B33754692C5D812500BF227A /* project19-safari-ext.app */;
			productType = "com.apple.product-type.application";
		};
		B33754832C5D81AC00BF227A /* Extension */ = {
			isa = PBXNativeTarget;
			buildConfigurationList = B33754942C5D81AC00BF227A /* Build configuration list for PBXNativeTarget "Extension" */;
			buildPhases = (
				B33754802C5D81AC00BF227A /* Sources */,
				B33754812C5D81AC00BF227A /* Frameworks */,
				B33754822C5D81AC00BF227A /* Resources */,
			);
			buildRules = (
			);
			dependencies = (
			);
			name = Extension;
			productName = Extension;
			productReference = B33754842C5D81AC00BF227A /* Extension.appex */;
			productType = "com.apple.product-type.app-extension";
		};
/* End PBXNativeTarget section */

/* Begin PBXProject section */
		B33754612C5D812500BF227A /* Project object */ = {
			isa = PBXProject;
			attributes = {
				BuildIndependentTargetsInParallel = 1;
				LastSwiftUpdateCheck = 1340;
				LastUpgradeCheck = 1340;
				TargetAttributes = {
					B33754682C5D812500BF227A = {
						CreatedOnToolsVersion = 13.4.1;
					};
					B33754832C5D81AC00BF227A = {
						CreatedOnToolsVersion = 13.4.1;
					};
				};
			};
			buildConfigurationList = B33754642C5D812500BF227A /* Build configuration list for PBXProject "project19-safari-ext" */;
			compatibilityVersion = "Xcode 13.0";
			developmentRegion = en;
			hasScannedForEncodings = 0;
			knownRegions = (
				en,
				Base,
			);
			mainGroup = B33754602C5D812500BF227A;
			productRefGroup = B337546A2C5D812500BF227A /* Products */;
			projectDirPath = "";
			projectRoot = "";
			targets = (
				B33754682C5D812500BF227A /* project19-safari-ext */,
				B33754832C5D81AC00BF227A /* Extension */,
			);
		};
/* End PBXProject section */

/* Begin PBXResourcesBuildPhase section */
		B33754672C5D812500BF227A /* Resources */ = {
			isa = PBXResourcesBuildPhase;
			buildActionMask = 2147483647;
			files = (
				B33754792C5D812700BF227A /* LaunchScreen.storyboard in Resources */,
				B33754762C5D812700BF227A /* Assets.xcassets in Resources */,
				B33754742C5D812500BF227A /* Main.storyboard in Resources */,
			);
			runOnlyForDeploymentPostprocessing = 0;
		};
		B33754822C5D81AC00BF227A /* Resources */ = {
			isa = PBXResourcesBuildPhase;
			buildActionMask = 2147483647;
			files = (
				B337549B2C5D82C700BF227A /* Action.js in Resources */,
				B337548A2C5D81AC00BF227A /* Media.xcassets in Resources */,
				B337548F2C5D81AC00BF227A /* MainInterface.storyboard in Resources */,
			);
			runOnlyForDeploymentPostprocessing = 0;
		};
/* End PBXResourcesBuildPhase section */

/* Begin PBXSourcesBuildPhase section */
		B33754652C5D812500BF227A /* Sources */ = {
			isa = PBXSourcesBuildPhase;
			buildActionMask = 2147483647;
			files = (
				B33754712C5D812500BF227A /* ViewController.swift in Sources */,
				B337546D2C5D812500BF227A /* AppDelegate.swift in Sources */,
				B337546F2C5D812500BF227A /* SceneDelegate.swift in Sources */,
			);
			runOnlyForDeploymentPostprocessing = 0;
		};
		B33754802C5D81AC00BF227A /* Sources */ = {
			isa = PBXSourcesBuildPhase;
			buildActionMask = 2147483647;
			files = (
				B337548C2C5D81AC00BF227A /* ActionViewController.swift in Sources */,
			);
			runOnlyForDeploymentPostprocessing = 0;
		};
/* End PBXSourcesBuildPhase section */

/* Begin PBXTargetDependency section */
		B33754922C5D81AC00BF227A /* PBXTargetDependency */ = {
			isa = PBXTargetDependency;
			target = B33754832C5D81AC00BF227A /* Extension */;
			targetProxy = B33754912C5D81AC00BF227A /* PBXContainerItemProxy */;
		};
/* End PBXTargetDependency section */

/* Begin PBXVariantGroup section */
		B33754722C5D812500BF227A /* Main.storyboard */ = {
			isa = PBXVariantGroup;
			children = (
				B33754732C5D812500BF227A /* Base */,
			);
			name = Main.storyboard;
			sourceTree = "<group>";
		};
		B33754772C5D812700BF227A /* LaunchScreen.storyboard */ = {
			isa = PBXVariantGroup;
			children = (
				B33754782C5D812700BF227A /* Base */,
			);
			name = LaunchScreen.storyboard;
			sourceTree = "<group>";
		};
		B337548D2C5D81AC00BF227A /* MainInterface.storyboard */ = {
			isa = PBXVariantGroup;
			children = (
				B337548E2C5D81AC00BF227A /* Base */,
			);
			name = MainInterface.storyboard;
			sourceTree = "<group>";
		};
/* End PBXVariantGroup section */

/* Begin XCBuildConfiguration section */
		B337547B2C5D812700BF227A /* Debug */ = {
			isa = XCBuildConfiguration;
			buildSettings = {
				ALWAYS_SEARCH_USER_PATHS = NO;
				CLANG_ANALYZER_NONNULL = YES;
				CLANG_ANALYZER_NUMBER_OBJECT_CONVERSION = YES_AGGRESSIVE;
				CLANG_CXX_LANGUAGE_STANDARD = "gnu++17";
				CLANG_ENABLE_MODULES = YES;
				CLANG_ENABLE_OBJC_ARC = YES;
				CLANG_ENABLE_OBJC_WEAK = YES;
				CLANG_WARN_BLOCK_CAPTURE_AUTORELEASING = YES;
				CLANG_WARN_BOOL_CONVERSION = YES;
				CLANG_WARN_COMMA = YES;
				CLANG_WARN_CONSTANT_CONVERSION = YES;
				CLANG_WARN_DEPRECATED_OBJC_IMPLEMENTATIONS = YES;
				CLANG_WARN_DIRECT_OBJC_ISA_USAGE = YES_ERROR;
				CLANG_WARN_DOCUMENTATION_COMMENTS = YES;
				CLANG_WARN_EMPTY_BODY = YES;
				CLANG_WARN_ENUM_CONVERSION = YES;
				CLANG_WARN_INFINITE_RECURSION = YES;
				CLANG_WARN_INT_CONVERSION = YES;
				CLANG_WARN_NON_LITERAL_NULL_CONVERSION = YES;
				CLANG_WARN_OBJC_IMPLICIT_RETAIN_SELF = YES;
				CLANG_WARN_OBJC_LITERAL_CONVERSION = YES;
				CLANG_WARN_OBJC_ROOT_CLASS = YES_ERROR;
				CLANG_WARN_QUOTED_INCLUDE_IN_FRAMEWORK_HEADER = YES;
				CLANG_WARN_RANGE_LOOP_ANALYSIS = YES;
				CLANG_WARN_STRICT_PROTOTYPES = YES;
				CLANG_WARN_SUSPICIOUS_MOVE = YES;
				CLANG_WARN_UNGUARDED_AVAILABILITY = YES_AGGRESSIVE;
				CLANG_WARN_UNREACHABLE_CODE = YES;
				CLANG_WARN__DUPLICATE_METHOD_MATCH = YES;
				COPY_PHASE_STRIP = NO;
				DEBUG_INFORMATION_FORMAT = dwarf;
				ENABLE_STRICT_OBJC_MSGSEND = YES;
				ENABLE_TESTABILITY = YES;
				GCC_C_LANGUAGE_STANDARD = gnu11;
				GCC_DYNAMIC_NO_PIC = NO;
				GCC_NO_COMMON_BLOCKS = YES;
				GCC_OPTIMIZATION_LEVEL = 0;
				GCC_PREPROCESSOR_DEFINITIONS = (
					"DEBUG=1",
					"$(inherited)",
				);
				GCC_WARN_64_TO_32_BIT_CONVERSION = YES;
				GCC_WARN_ABOUT_RETURN_TYPE = YES_ERROR;
				GCC_WARN_UNDECLARED_SELECTOR = YES;
				GCC_WARN_UNINITIALIZED_AUTOS = YES_AGGRESSIVE;
				GCC_WARN_UNUSED_FUNCTION = YES;
				GCC_WARN_UNUSED_VARIABLE = YES;
				IPHONEOS_DEPLOYMENT_TARGET = 15.5;
				MTL_ENABLE_DEBUG_INFO = INCLUDE_SOURCE;
				MTL_FAST_MATH = YES;
				ONLY_ACTIVE_ARCH = YES;
				SDKROOT = iphoneos;
				SWIFT_ACTIVE_COMPILATION_CONDITIONS = DEBUG;
				SWIFT_OPTIMIZATION_LEVEL = "-Onone";
			};
			name = Debug;
		};
		B337547C2C5D812700BF227A /* Release */ = {
			isa = XCBuildConfiguration;
			buildSettings = {
				ALWAYS_SEARCH_USER_PATHS = NO;
				CLANG_ANALYZER_NONNULL = YES;
				CLANG_ANALYZER_NUMBER_OBJECT_CONVERSION = YES_AGGRESSIVE;
				CLANG_CXX_LANGUAGE_STANDARD = "gnu++17";
				CLANG_ENABLE_MODULES = YES;
				CLANG_ENABLE_OBJC_ARC = YES;
				CLANG_ENABLE_OBJC_WEAK = YES;
				CLANG_WARN_BLOCK_CAPTURE_AUTORELEASING = YES;
				CLANG_WARN_BOOL_CONVERSION = YES;
				CLANG_WARN_COMMA = YES;
				CLANG_WARN_CONSTANT_CONVERSION = YES;
				CLANG_WARN_DEPRECATED_OBJC_IMPLEMENTATIONS = YES;
				CLANG_WARN_DIRECT_OBJC_ISA_USAGE = YES_ERROR;
				CLANG_WARN_DOCUMENTATION_COMMENTS = YES;
				CLANG_WARN_EMPTY_BODY = YES;
				CLANG_WARN_ENUM_CONVERSION = YES;
				CLANG_WARN_INFINITE_RECURSION = YES;
				CLANG_WARN_INT_CONVERSION = YES;
				CLANG_WARN_NON_LITERAL_NULL_CONVERSION = YES;
				CLANG_WARN_OBJC_IMPLICIT_RETAIN_SELF = YES;
				CLANG_WARN_OBJC_LITERAL_CONVERSION = YES;
				CLANG_WARN_OBJC_ROOT_CLASS = YES_ERROR;
				CLANG_WARN_QUOTED_INCLUDE_IN_FRAMEWORK_HEADER = YES;
				CLANG_WARN_RANGE_LOOP_ANALYSIS = YES;
				CLANG_WARN_STRICT_PROTOTYPES = YES;
				CLANG_WARN_SUSPICIOUS_MOVE = YES;
				CLANG_WARN_UNGUARDED_AVAILABILITY = YES_AGGRESSIVE;
				CLANG_WARN_UNREACHABLE_CODE = YES;
				CLANG_WARN__DUPLICATE_METHOD_MATCH = YES;
				COPY_PHASE_STRIP = NO;
				DEBUG_INFORMATION_FORMAT = "dwarf-with-dsym";
				ENABLE_NS_ASSERTIONS = NO;
				ENABLE_STRICT_OBJC_MSGSEND = YES;
				GCC_C_LANGUAGE_STANDARD = gnu11;
				GCC_NO_COMMON_BLOCKS = YES;
				GCC_WARN_64_TO_32_BIT_CONVERSION = YES;
				GCC_WARN_ABOUT_RETURN_TYPE = YES_ERROR;
				GCC_WARN_UNDECLARED_SELECTOR = YES;
				GCC_WARN_UNINITIALIZED_AUTOS = YES_AGGRESSIVE;
				GCC_WARN_UNUSED_FUNCTION = YES;
				GCC_WARN_UNUSED_VARIABLE = YES;
				IPHONEOS_DEPLOYMENT_TARGET = 15.5;
				MTL_ENABLE_DEBUG_INFO = NO;
				MTL_FAST_MATH = YES;
				SDKROOT = iphoneos;
				SWIFT_COMPILATION_MODE = wholemodule;
				SWIFT_OPTIMIZATION_LEVEL = "-O";
				VALIDATE_PRODUCT = YES;
			};
			name = Release;
		};
		B337547E2C5D812700BF227A /* Debug */ = {
			isa = XCBuildConfiguration;
			buildSettings = {
				ALWAYS_EMBED_SWIFT_STANDARD_LIBRARIES = YES;
				ASSETCATALOG_COMPILER_APPICON_NAME = AppIcon;
				ASSETCATALOG_COMPILER_GLOBAL_ACCENT_COLOR_NAME = AccentColor;
				CODE_SIGN_STYLE = Automatic;
				CURRENT_PROJECT_VERSION = 1;
				DEVELOPMENT_TEAM = 3GG2KXB4B5;
				GENERATE_INFOPLIST_FILE = YES;
				INFOPLIST_FILE = "project19-safari-ext/Info.plist";
				INFOPLIST_KEY_UIApplicationSupportsIndirectInputEvents = YES;
				INFOPLIST_KEY_UILaunchStoryboardName = LaunchScreen;
				INFOPLIST_KEY_UIMainStoryboardFile = Main;
				INFOPLIST_KEY_UISupportedInterfaceOrientations_iPad = "UIInterfaceOrientationPortrait UIInterfaceOrientationPortraitUpsideDown UIInterfaceOrientationLandscapeLeft UIInterfaceOrientationLandscapeRight";
				INFOPLIST_KEY_UISupportedInterfaceOrientations_iPhone = "UIInterfaceOrientationPortrait UIInterfaceOrientationLandscapeLeft UIInterfaceOrientationLandscapeRight";
				LD_RUNPATH_SEARCH_PATHS = (
					"$(inherited)",
					"@executable_path/Frameworks",
				);
				MARKETING_VERSION = 1.0;
				PRODUCT_BUNDLE_IDENTIFIER = "com.example.project19-safari-ext";
				PRODUCT_NAME = "$(TARGET_NAME)";
				SWIFT_EMIT_LOC_STRINGS = YES;
				SWIFT_VERSION = 5.0;
				TARGETED_DEVICE_FAMILY = "1,2";
			};
			name = Debug;
		};
		B337547F2C5D812700BF227A /* Release */ = {
			isa = XCBuildConfiguration;
			buildSettings = {
				ALWAYS_EMBED_SWIFT_STANDARD_LIBRARIES = YES;
				ASSETCATALOG_COMPILER_APPICON_NAME = AppIcon;
				ASSETCATALOG_COMPILER_GLOBAL_ACCENT_COLOR_NAME = AccentColor;
				CODE_SIGN_STYLE = Automatic;
				CURRENT_PROJECT_VERSION = 1;
				DEVELOPMENT_TEAM = 3GG2KXB4B5;
				GENERATE_INFOPLIST_FILE = YES;
				INFOPLIST_FILE = "project19-safari-ext/Info.plist";
				INFOPLIST_KEY_UIApplicationSupportsIndirectInputEvents = YES;
				INFOPLIST_KEY_UILaunchStoryboardName = LaunchScreen;
				INFOPLIST_KEY_UIMainStoryboardFile = Main;
				INFOPLIST_KEY_UISupportedInterfaceOrientations_iPad = "UIInterfaceOrientationPortrait UIInterfaceOrientationPortraitUpsideDown UIInterfaceOrientationLandscapeLeft UIInterfaceOrientationLandscapeRight";
				INFOPLIST_KEY_UISupportedInterfaceOrientations_iPhone = "UIInterfaceOrientationPortrait UIInterfaceOrientationLandscapeLeft UIInterfaceOrientationLandscapeRight";
				LD_RUNPATH_SEARCH_PATHS = (
					"$(inherited)",
					"@executable_path/Frameworks",
				);
				MARKETING_VERSION = 1.0;
				PRODUCT_BUNDLE_IDENTIFIER = "com.example.project19-safari-ext";
				PRODUCT_NAME = "$(TARGET_NAME)";
				SWIFT_EMIT_LOC_STRINGS = YES;
				SWIFT_VERSION = 5.0;
				TARGETED_DEVICE_FAMILY = "1,2";
			};
			name = Release;
		};
		B33754952C5D81AC00BF227A /* Debug */ = {
			isa = XCBuildConfiguration;
			buildSettings = {
				CODE_SIGN_STYLE = Automatic;
				CURRENT_PROJECT_VERSION = 1;
				DEVELOPMENT_TEAM = 3GG2KXB4B5;
				GENERATE_INFOPLIST_FILE = YES;
				INFOPLIST_FILE = Extension/Info.plist;
				INFOPLIST_KEY_CFBundleDisplayName = Extension;
				INFOPLIST_KEY_NSHumanReadableCopyright = "";
				LD_RUNPATH_SEARCH_PATHS = (
					"$(inherited)",
					"@executable_path/Frameworks",
					"@executable_path/../../Frameworks",
				);
				MARKETING_VERSION = 1.0;
				PRODUCT_BUNDLE_IDENTIFIER = "com.example.project19-safari-ext.Extension";
				PRODUCT_NAME = "$(TARGET_NAME)";
				SKIP_INSTALL = YES;
				SWIFT_EMIT_LOC_STRINGS = YES;
				SWIFT_VERSION = 5.0;
				TARGETED_DEVICE_FAMILY = "1,2";
			};
			name = Debug;
		};
		B33754962C5D81AC00BF227A /* Release */ = {
			isa = XCBuildConfiguration;
			buildSettings = {
				CODE_SIGN_STYLE = Automatic;
				CURRENT_PROJECT_VERSION = 1;
				DEVELOPMENT_TEAM = 3GG2KXB4B5;
				GENERATE_INFOPLIST_FILE = YES;
				INFOPLIST_FILE = Extension/Info.plist;
				INFOPLIST_KEY_CFBundleDisplayName = Extension;
				INFOPLIST_KEY_NSHumanReadableCopyright = "";
				LD_RUNPATH_SEARCH_PATHS = (
					"$(inherited)",
					"@executable_path/Frameworks",
					"@executable_path/../../Frameworks",
				);
				MARKETING_VERSION = 1.0;
				PRODUCT_BUNDLE_IDENTIFIER = "com.example.project19-safari-ext.Extension";
				PRODUCT_NAME = "$(TARGET_NAME)";
				SKIP_INSTALL = YES;
				SWIFT_EMIT_LOC_STRINGS = YES;
				SWIFT_VERSION = 5.0;
				TARGETED_DEVICE_FAMILY = "1,2";
			};
			name = Release;
		};
/* End XCBuildConfiguration section */

/* Begin XCConfigurationList section */
		B33754642C5D812500BF227A /* Build configuration list for PBXProject "project19-safari-ext" */ = {
			isa = XCConfigurationList;
			buildConfigurations = (
				B337547B2C5D812700BF227A /* Debug */,
				B337547C2C5D812700BF227A /* Release */,
			);
			defaultConfigurationIsVisible = 0;
			defaultConfigurationName = Release;
		};
		B337547D2C5D812700BF227A /* Build configuration list for PBXNativeTarget "project19-safari-ext" */ = {
			isa = XCConfigurationList;
			buildConfigurations = (
				B337547E2C5D812700BF227A /* Debug */,
				B337547F2C5D812700BF227A /* Release */,
			);
			defaultConfigurationIsVisible = 0;
			defaultConfigurationName = Release;
		};
		B33754942C5D81AC00BF227A /* Build configuration list for PBXNativeTarget "Extension" */ = {
			isa = XCConfigurationList;
			buildConfigurations = (
				B33754952C5D81AC00BF227A /* Debug */,
				B33754962C5D81AC00BF227A /* Release */,
			);
			defaultConfigurationIsVisible = 0;
			defaultConfigurationName = Release;
		};
/* End XCConfigurationList section */
	};
	rootObject = B33754612C5D812500BF227A /* Project object */;
}
